
Microsoft Visual Studio Solution File, Format Version 12.00
# Visual Studio 15
VisualStudioVersion = 15.0.27004.2008
MinimumVisualStudioVersion = 10.0.40219.1
Project("{8BC9CEB8-8B4A-11D0-8D11-00A0C91BC942}") = "Project4", "Project4\Project4.vcxproj", "{DBCB065A-7FD7-4BA3-A514-35899D36E975}"
EndProject
Global
	GlobalSection(SolutionConfigurationPlatforms) = preSolution
		Debug|x64 = Debug|x64
		Debug|x86 = Debug|x86
		Release|x64 = Release|x64
		Release|x86 = Release|x86
	EndGlobalSection
	GlobalSection(ProjectConfigurationPlatforms) = postSolution
		{DBCB065A-7FD7-4BA3-A514-35899D36E975}.Debug|x64.ActiveCfg = Debug|x64
		{DBCB065A-7FD7-4BA3-A514-35899D36E975}.Debug|x64.Build.0 = Debug|x64
		{DBCB065A-7FD7-4BA3-A514-35899D36E975}.Debug|x86.ActiveCfg = Debug|Win32
		{DBCB065A-7FD7-4BA3-A514-35899D36E975}.Debug|x86.Build.0 = Debug|Win32
		{DBCB065A-7FD7-4BA3-A514-35899D36E975}.Release|x64.ActiveCfg = Release|x64
		{DBCB065A-7FD7-4BA3-A514-35899D36E975}.Release|x64.Build.0 = Release|x64
		{DBCB065A-7FD7-4BA3-A514-35899D36E975}.Release|x86.ActiveCfg = Release|Win32
		{DBCB065A-7FD7-4BA3-A514-35899D36E975}.Release|x86.Build.0 = Release|Win32
	EndGlobalSection
	GlobalSection(SolutionProperties) = preSolution
		HideSolutionNode = FALSE
	EndGlobalSection
	GlobalSection(ExtensibilityGlobals) = postSolution
		SolutionGuid = {93177F94-00E6-44CD-BA2D-9A8B92C8B2B2}
	EndGlobalSection
EndGlobal
